{
  "object": {
    "pins": [
      {
        "package": "Features",
        "repositoryURL": "https://github.com/refined-swift/Features.git",
        "state": {
          "branch": "master",
          "revision": "161a9cd84e747181f618c2bc89d6402a59586cc0",
          "version": null
        }
      },
      {
        "package": "Wrapper",
        "repositoryURL": "https://github.com/refined-swift/Wrapper.git",
        "state": {
          "branch": "master",
          "revision": "dc7378daa8de0bfa7d764fec9cfc934a51dfdc49",
          "version": null
        }
      }
    ]
  },
  "version": 1
}
