{
  "object": {
    "pins": [
      {
        "package": "Features",
        "repositoryURL": "https://github.com/refined-swift/Features.git",
        "state": {
          "branch": "master",
          "revision": "2101978b88b2cc5fdb181436686759686a48bbca",
          "version": null
        }
      },
      {
        "package": "Wrapper",
        "repositoryURL": "https://github.com/refined-swift/Wrapper.git",
        "state": {
          "branch": "master",
          "revision": "429803f7b0f7dad25b13c051bb803da8632e43ba",
          "version": null
        }
      }
    ]
  },
  "version": 1
}
